# Generated by pub
# See https://dart.dev/tools/pub/glossary#lockfile
packages:
  async:
    dependency: transitive
    description:
      name: async
      sha256: "271b8899fc99f9df4f4ed419fa14e2fff392c7b2c162fbb87b222e2e963ddc73"
      url: "https://pub.dev"
    source: hosted
    version: "2.9.0"
  chunked_stream:
    dependency: "direct main"
    description:
      name: chunked_stream
      sha256: a8a0dcb519bd603b397cd242152fe76861d7c65200be58cb8114d96226252ad3
      url: "https://pub.dev"
    source: hosted
    version: "1.4.1"
  clock:
    dependency: transitive
    description:
      name: clock
      sha256: cb6d7f03e1de671e34607e909a7213e31d7752be4fb66a86d29fe1eb14bfb5cf
      url: "https://pub.dev"
    source: hosted
    version: "1.1.1"
  codable_forked:
    dependency: transitive
    description:
      name: codable_forked
      sha256: "902e6f90fa4d97be2d02931d0a6e555e83252fd2f8b632e26a6385c50964e473"
      url: "https://pub.dev"
    source: hosted
    version: "1.0.0+3"
  collection:
    dependency: "direct main"
    description:
      name: collection
      sha256: ef7e3a5529178ce8f37a9d0b11cbbc8b1e025940f9cf9f76c42da6796301219d
      url: "https://pub.dev"
    source: hosted
    version: "1.16.0"
  crypto:
    dependency: transitive
    description:
      name: crypto
      sha256: aa274aa7774f8964e4f4f38cc994db7b6158dd36e9187aaceaddc994b35c6c67
      url: "https://pub.dev"
    source: hosted
    version: "3.0.2"
  dio:
    dependency: transitive
    description:
      name: dio
      sha256: "7d328c4d898a61efc3cd93655a0955858e29a0aa647f0f9e02d59b3bb275e2e8"
      url: "https://pub.dev"
    source: hosted
    version: "4.0.6"
  http:
    dependency: "direct main"
    description:
      name: http
      sha256: "6aa2946395183537c8b880962d935877325d6a09a2867c3970c05c0fed6ac482"
      url: "https://pub.dev"
    source: hosted
    version: "0.13.5"
  http_parser:
    dependency: transitive
    description:
      name: http_parser
      sha256: db3060f22889f3d9d55f6a217565486737037eec3609f7f3eca4d0c67ee0d8a0
      url: "https://pub.dev"
    source: hosted
    version: "4.0.1"
  intl:
    dependency: transitive
    description:
      name: intl
      sha256: "910f85bce16fb5c6f614e117efa303e85a1731bb0081edf3604a2ae6e9a3cc91"
      url: "https://pub.dev"
    source: hosted
    version: "0.17.0"
  json_annotation:
    dependency: "direct main"
    description:
      name: json_annotation
      sha256: "3520fa844009431b5d4491a5a778603520cdc399ab3406332dcc50f93547258c"
      url: "https://pub.dev"
    source: hosted
    version: "4.7.0"
  lints:
    dependency: "direct dev"
    description:
      name: lints
      sha256: "5cfd6509652ff5e7fe149b6df4859e687fca9048437857cb2e65c8d780f396e3"
      url: "https://pub.dev"
    source: hosted
    version: "2.0.0"
  logging:
    dependency: "direct main"
    description:
      name: logging
      sha256: "293ae2d49fd79d4c04944c3a26dfd313382d5f52e821ec57119230ae16031ad4"
      url: "https://pub.dev"
    source: hosted
    version: "1.0.2"
  logging_appenders:
    dependency: "direct main"
    description:
      name: logging_appenders
      sha256: "013e8548b79e3b8dc0333f3efae706184356b5926c6bea59150efa126c91598c"
      url: "https://pub.dev"
    source: hosted
    version: "1.0.0"
  matcher:
    dependency: transitive
    description:
      name: matcher
      sha256: "80c2989398773fa06e2457e9ff08580f24e9858b28462a722241cb53e5613478"
      url: "https://pub.dev"
    source: hosted
    version: "0.12.12"
  meta:
    dependency: "direct main"
    description:
      name: meta
      sha256: "6c268b42ed578a53088d834796959e4a1814b5e9e164f147f580a386e5decf42"
      url: "https://pub.dev"
    source: hosted
    version: "1.8.0"
  open_api_forked:
    dependency: "direct main"
    description:
      name: open_api_forked
      sha256: e815a0adbb290b6b460c48808de2b393f95522b1016cdb5d54cc8098cc8d5d2f
      url: "https://pub.dev"
    source: hosted
    version: "3.0.0+6"
  path:
    dependency: transitive
    description:
      name: path
      sha256: db9d4f58c908a4ba5953fcee2ae317c94889433e5024c27ce74a37f94267945b
      url: "https://pub.dev"
    source: hosted
    version: "1.8.2"
  quiver:
    dependency: transitive
    description:
      name: quiver
      sha256: "93982981971e812c94d4a6fa3a57b89f9ec12b38b6380cd3c1370c3b01e4580e"
      url: "https://pub.dev"
    source: hosted
    version: "3.1.0"
  shelf:
    dependency: "direct main"
    description:
      name: shelf
      sha256: c24a96135a2ccd62c64b69315a14adc5c3419df63b4d7c05832a346fdb73682c
      url: "https://pub.dev"
    source: hosted
    version: "1.4.0"
  source_span:
    dependency: transitive
    description:
      name: source_span
      sha256: dd904f795d4b4f3b870833847c461801f6750a9fa8e61ea5ac53f9422b31f250
      url: "https://pub.dev"
    source: hosted
    version: "1.9.1"
  stack_trace:
    dependency: transitive
    description:
      name: stack_trace
      sha256: f8d9f247e2f9f90e32d1495ff32dac7e4ae34ffa7194c5ff8fcc0fd0e52df774
      url: "https://pub.dev"
    source: hosted
    version: "1.10.0"
  stream_channel:
    dependency: transitive
    description:
      name: stream_channel
      sha256: db47e4797198ee601990820437179bb90219f918962318d494ada2b4b11e6f6d
      url: "https://pub.dev"
    source: hosted
    version: "2.1.0"
  string_scanner:
    dependency: transitive
    description:
      name: string_scanner
      sha256: "862015c5db1f3f3c4ea3b94dc2490363a84262994b88902315ed74be1155612f"
      url: "https://pub.dev"
    source: hosted
    version: "1.1.1"
  term_glyph:
    dependency: transitive
    description:
      name: term_glyph
      sha256: a29248a84fbb7c79282b40b8c72a1209db169a2e0542bce341da992fe1bc7e84
      url: "https://pub.dev"
    source: hosted
    version: "1.2.1"
  typed_data:
    dependency: transitive
    description:
      name: typed_data
      sha256: "26f87ade979c47a150c9eaab93ccd2bebe70a27dc0b4b29517f2904f04eb11a5"
      url: "https://pub.dev"
    source: hosted
    version: "1.3.1"
  uri:
    dependency: "direct main"
    description:
      name: uri
      sha256: "889eea21e953187c6099802b7b4cf5219ba8f3518f604a1033064d45b1b8268a"
      url: "https://pub.dev"
    source: hosted
    version: "1.0.0"
  uuid:
    dependency: "direct main"
    description:
      name: uuid
      sha256: "2469694ad079893e3b434a627970c33f2fa5adc46dfe03c9617546969a9a8afc"
      url: "https://pub.dev"
    source: hosted
    version: "3.0.6"
sdks:
  dart: ">=2.17.0 <3.0.0"
