# Generated by pub
# See https://dart.dev/tools/pub/glossary#lockfile
packages:
  codable:
    dependency: transitive
    description:
      name: codable
      url: "https://pub.dartlang.org"
    source: hosted
    version: "1.0.0"
  meta:
    dependency: transitive
    description:
      name: meta
      url: "https://pub.dartlang.org"
    source: hosted
    version: "1.1.8"
  open_api:
    dependency: "direct main"
    description:
      name: open_api
      url: "https://pub.dartlang.org"
    source: hosted
    version: "2.0.1"
  pedantic:
    dependency: "direct dev"
    description:
      name: pedantic
      url: "https://pub.dartlang.org"
    source: hosted
    version: "1.9.0"
sdks:
  dart: ">=2.9.0-13.0.dev <3.0.0"
